// !$*UTF8*$!
{
	archiveVersion = 1;
	classes = {
	};
	objectVersion = 50;
	objects = {

/* Begin PBXBuildFile section */
		7F99799322CF21E600A71B9D /* AppDelegate.swift in Sources */ = {isa = PBXBuildFile; fileRef = 7F99799222CF21E600A71B9D /* AppDelegate.swift */; };
		7F99799522CF21E600A71B9D /* ViewController.swift in Sources */ = {isa = PBXBuildFile; fileRef = 7F99799422CF21E600A71B9D /* ViewController.swift */; };
		7F99799822CF21E600A71B9D /* Main.storyboard in Resources */ = {isa = PBXBuildFile; fileRef = 7F99799622CF21E600A71B9D /* Main.storyboard */; };
		7F99799A22CF21E900A71B9D /* Assets.xcassets in Resources */ = {isa = PBXBuildFile; fileRef = 7F99799922CF21E900A71B9D /* Assets.xcassets */; };
		7F99799D22CF21E900A71B9D /* LaunchScreen.storyboard in Resources */ = {isa = PBXBuildFile; fileRef = 7F99799B22CF21E900A71B9D /* LaunchScreen.storyboard */; };
		7F9979A822CF21E900A71B9D /* Custom_TextfieldTests.swift in Sources */ = {isa = PBXBuildFile; fileRef = 7F9979A722CF21E900A71B9D /* Custom_TextfieldTests.swift */; };
		7F9979B322CF21E900A71B9D /* Custom_TextfieldUITests.swift in Sources */ = {isa = PBXBuildFile; fileRef = 7F9979B222CF21E900A71B9D /* Custom_TextfieldUITests.swift */; };
/* End PBXBuildFile section */

/* Begin PBXContainerItemProxy section */
		7F9979A422CF21E900A71B9D /* PBXContainerItemProxy */ = {
			isa = PBXContainerItemProxy;
			containerPortal = 7F99798722CF21E600A71B9D /* Project object */;
			proxyType = 1;
			remoteGlobalIDString = 7F99798E22CF21E600A71B9D;
			remoteInfo = "Custom Textfield";
		};
		7F9979AF22CF21E900A71B9D /* PBXContainerItemProxy */ = {
			isa = PBXContainerItemProxy;
			containerPortal = 7F99798722CF21E600A71B9D /* Project object */;
			proxyType = 1;
			remoteGlobalIDString = 7F99798E22CF21E600A71B9D;
			remoteInfo = "Custom Textfield";
		};
/* End PBXContainerItemProxy section */

/* Begin PBXFileReference section */
		7F99798F22CF21E600A71B9D /* Custom Textfield.app */ = {isa = PBXFileReference; explicitFileType = wrapper.application; includeInIndex = 0; path = "Custom Textfield.app"; sourceTree = BUILT_PRODUCTS_DIR; };
		7F99799222CF21E600A71B9D /* AppDelegate.swift */ = {isa = PBXFileReference; lastKnownFileType = sourcecode.swift; path = AppDelegate.swift; sourceTree = "<group>"; };
		7F99799422CF21E600A71B9D /* ViewController.swift */ = {isa = PBXFileReference; lastKnownFileType = sourcecode.swift; path = ViewController.swift; sourceTree = "<group>"; };
		7F99799722CF21E600A71B9D /* Base */ = {isa = PBXFileReference; lastKnownFileType = file.storyboard; name = Base; path = Base.lproj/Main.storyboard; sourceTree = "<group>"; };
		7F99799922CF21E900A71B9D /* Assets.xcassets */ = {isa = PBXFileReference; lastKnownFileType = folder.assetcatalog; path = Assets.xcassets; sourceTree = "<group>"; };
		7F99799C22CF21E900A71B9D /* Base */ = {isa = PBXFileReference; lastKnownFileType = file.storyboard; name = Base; path = Base.lproj/LaunchScreen.storyboard; sourceTree = "<group>"; };
		7F99799E22CF21E900A71B9D /* Info.plist */ = {isa = PBXFileReference; lastKnownFileType = text.plist.xml; path = Info.plist; sourceTree = "<group>"; };
		7F9979A322CF21E900A71B9D /* Custom TextfieldTests.xctest */ = {isa = PBXFileReference; explicitFileType = wrapper.cfbundle; includeInIndex = 0; path = "Custom TextfieldTests.xctest"; sourceTree = BUILT_PRODUCTS_DIR; };
		7F9979A722CF21E900A71B9D /* Custom_TextfieldTests.swift */ = {isa = PBXFileReference; lastKnownFileType = sourcecode.swift; path = Custom_TextfieldTests.swift; sourceTree = "<group>"; };
		7F9979A922CF21E900A71B9D /* Info.plist */ = {isa = PBXFileReference; lastKnownFileType = text.plist.xml; path = Info.plist; sourceTree = "<group>"; };
		7F9979AE22CF21E900A71B9D /* Custom TextfieldUITests.xctest */ = {isa = PBXFileReference; explicitFileType = wrapper.cfbundle; includeInIndex = 0; path = "Custom TextfieldUITests.xctest"; sourceTree = BUILT_PRODUCTS_DIR; };
		7F9979B222CF21E900A71B9D /* Custom_TextfieldUITests.swift */ = {isa = PBXFileReference; lastKnownFileType = sourcecode.swift; path = Custom_TextfieldUITests.swift; sourceTree = "<group>"; };
		7F9979B422CF21E900A71B9D /* Info.plist */ = {isa = PBXFileReference; lastKnownFileType = text.plist.xml; path = Info.plist; sourceTree = "<group>"; };
/* End PBXFileReference section */

/* Begin PBXFrameworksBuildPhase section */
		7F99798C22CF21E600A71B9D /* Frameworks */ = {
			isa = PBXFrameworksBuildPhase;
			buildActionMask = 2147483647;
			files = (
			);
			runOnlyForDeploymentPostprocessing = 0;
		};
		7F9979A022CF21E900A71B9D /* Frameworks */ = {
			isa = PBXFrameworksBuildPhase;
			buildActionMask = 2147483647;
			files = (
			);
			runOnlyForDeploymentPostprocessing = 0;
		};
		7F9979AB22CF21E900A71B9D /* Frameworks */ = {
			isa = PBXFrameworksBuildPhase;
			buildActionMask = 2147483647;
			files = (
			);
			runOnlyForDeploymentPostprocessing = 0;
		};
/* End PBXFrameworksBuildPhase section */

/* Begin PBXGroup section */
		7F99798622CF21E600A71B9D = {
			isa = PBXGroup;
			children = (
				7F99799122CF21E600A71B9D /* Custom Textfield */,
				7F9979A622CF21E900A71B9D /* Custom TextfieldTests */,
				7F9979B122CF21E900A71B9D /* Custom TextfieldUITests */,
				7F99799022CF21E600A71B9D /* Products */,
			);
			sourceTree = "<group>";
		};
		7F99799022CF21E600A71B9D /* Products */ = {
			isa = PBXGroup;
			children = (
				7F99798F22CF21E600A71B9D /* Custom Textfield.app */,
				7F9979A322CF21E900A71B9D /* Custom TextfieldTests.xctest */,
				7F9979AE22CF21E900A71B9D /* Custom TextfieldUITests.xctest */,
			);
			name = Products;
			sourceTree = "<group>";
		};
		7F99799122CF21E600A71B9D /* Custom Textfield */ = {
			isa = PBXGroup;
			children = (
				7F99799222CF21E600A71B9D /* AppDelegate.swift */,
				7F99799422CF21E600A71B9D /* ViewController.swift */,
				7F99799622CF21E600A71B9D /* Main.storyboard */,
				7F99799922CF21E900A71B9D /* Assets.xcassets */,
				7F99799B22CF21E900A71B9D /* LaunchScreen.storyboard */,
				7F99799E22CF21E900A71B9D /* Info.plist */,
			);
			path = "Custom Textfield";
			sourceTree = "<group>";
		};
		7F9979A622CF21E900A71B9D /* Custom TextfieldTests */ = {
			isa = PBXGroup;
			children = (
				7F9979A722CF21E900A71B9D /* Custom_TextfieldTests.swift */,
				7F9979A922CF21E900A71B9D /* Info.plist */,
			);
			path = "Custom TextfieldTests";
			sourceTree = "<group>";
		};
		7F9979B122CF21E900A71B9D /* Custom TextfieldUITests */ = {
			isa = PBXGroup;
			children = (
				7F9979B222CF21E900A71B9D /* Custom_TextfieldUITests.swift */,
				7F9979B422CF21E900A71B9D /* Info.plist */,
			);
			path = "Custom TextfieldUITests";
			sourceTree = "<group>";
		};
/* End PBXGroup section */

/* Begin PBXNativeTarget section */
		7F99798E22CF21E600A71B9D /* Custom Textfield */ = {
			isa = PBXNativeTarget;
			buildConfigurationList = 7F9979B722CF21E900A71B9D /* Build configuration list for PBXNativeTarget "Custom Textfield" */;
			buildPhases = (
				7F99798B22CF21E600A71B9D /* Sources */,
				7F99798C22CF21E600A71B9D /* Frameworks */,
				7F99798D22CF21E600A71B9D /* Resources */,
			);
			buildRules = (
			);
			dependencies = (
			);
			name = "Custom Textfield";
			productName = "Custom Textfield";
			productReference = 7F99798F22CF21E600A71B9D /* Custom Textfield.app */;
			productType = "com.apple.product-type.application";
		};
		7F9979A222CF21E900A71B9D /* Custom TextfieldTests */ = {
			isa = PBXNativeTarget;
			buildConfigurationList = 7F9979BA22CF21E900A71B9D /* Build configuration list for PBXNativeTarget "Custom TextfieldTests" */;
			buildPhases = (
				7F99799F22CF21E900A71B9D /* Sources */,
				7F9979A022CF21E900A71B9D /* Frameworks */,
				7F9979A122CF21E900A71B9D /* Resources */,
			);
			buildRules = (
			);
			dependencies = (
				7F9979A522CF21E900A71B9D /* PBXTargetDependency */,
			);
			name = "Custom TextfieldTests";
			productName = "Custom TextfieldTests";
			productReference = 7F9979A322CF21E900A71B9D /* Custom TextfieldTests.xctest */;
			productType = "com.apple.product-type.bundle.unit-test";
		};
		7F9979AD22CF21E900A71B9D /* Custom TextfieldUITests */ = {
			isa = PBXNativeTarget;
			buildConfigurationList = 7F9979BD22CF21E900A71B9D /* Build configuration list for PBXNativeTarget "Custom TextfieldUITests" */;
			buildPhases = (
				7F9979AA22CF21E900A71B9D /* Sources */,
				7F9979AB22CF21E900A71B9D /* Frameworks */,
				7F9979AC22CF21E900A71B9D /* Resources */,
			);
			buildRules = (
			);
			dependencies = (
				7F9979B022CF21E900A71B9D /* PBXTargetDependency */,
			);
			name = "Custom TextfieldUITests";
			productName = "Custom TextfieldUITests";
			productReference = 7F9979AE22CF21E900A71B9D /* Custom TextfieldUITests.xctest */;
			productType = "com.apple.product-type.bundle.ui-testing";
		};
/* End PBXNativeTarget section */

/* Begin PBXProject section */
		7F99798722CF21E600A71B9D /* Project object */ = {
			isa = PBXProject;
			attributes = {
				LastSwiftUpdateCheck = 1020;
				LastUpgradeCheck = 1020;
				ORGANIZATIONNAME = Folio3;
				TargetAttributes = {
					7F99798E22CF21E600A71B9D = {
						CreatedOnToolsVersion = 10.2.1;
					};
					7F9979A222CF21E900A71B9D = {
						CreatedOnToolsVersion = 10.2.1;
						TestTargetID = 7F99798E22CF21E600A71B9D;
					};
					7F9979AD22CF21E900A71B9D = {
						CreatedOnToolsVersion = 10.2.1;
						TestTargetID = 7F99798E22CF21E600A71B9D;
					};
				};
			};
			buildConfigurationList = 7F99798A22CF21E600A71B9D /* Build configuration list for PBXProject "Custom Textfield" */;
			compatibilityVersion = "Xcode 9.3";
			developmentRegion = en;
			hasScannedForEncodings = 0;
			knownRegions = (
				en,
				Base,
			);
			mainGroup = 7F99798622CF21E600A71B9D;
			productRefGroup = 7F99799022CF21E600A71B9D /* Products */;
			projectDirPath = "";
			projectRoot = "";
			targets = (
				7F99798E22CF21E600A71B9D /* Custom Textfield */,
				7F9979A222CF21E900A71B9D /* Custom TextfieldTests */,
				7F9979AD22CF21E900A71B9D /* Custom TextfieldUITests */,
			);
		};
/* End PBXProject section */

/* Begin PBXResourcesBuildPhase section */
		7F99798D22CF21E600A71B9D /* Resources */ = {
			isa = PBXResourcesBuildPhase;
			buildActionMask = 2147483647;
			files = (
				7F99799D22CF21E900A71B9D /* LaunchScreen.storyboard in Resources */,
				7F99799A22CF21E900A71B9D /* Assets.xcassets in Resources */,
				7F99799822CF21E600A71B9D /* Main.storyboard in Resources */,
			);
			runOnlyForDeploymentPostprocessing = 0;
		};
		7F9979A122CF21E900A71B9D /* Resources */ = {
			isa = PBXResourcesBuildPhase;
			buildActionMask = 2147483647;
			files = (
			);
			runOnlyForDeploymentPostprocessing = 0;
		};
		7F9979AC22CF21E900A71B9D /* Resources */ = {
			isa = PBXResourcesBuildPhase;
			buildActionMask = 2147483647;
			files = (
			);
			runOnlyForDeploymentPostprocessing = 0;
		};
/* End PBXResourcesBuildPhase section */

/* Begin PBXSourcesBuildPhase section */
		7F99798B22CF21E600A71B9D /* Sources */ = {
			isa = PBXSourcesBuildPhase;
			buildActionMask = 2147483647;
			files = (
				7F99799522CF21E600A71B9D /* ViewController.swift in Sources */,
				7F99799322CF21E600A71B9D /* AppDelegate.swift in Sources */,
			);
			runOnlyForDeploymentPostprocessing = 0;
		};
		7F99799F22CF21E900A71B9D /* Sources */ = {
			isa = PBXSourcesBuildPhase;
			buildActionMask = 2147483647;
			files = (
				7F9979A822CF21E900A71B9D /* Custom_TextfieldTests.swift in Sources */,
			);
			runOnlyForDeploymentPostprocessing = 0;
		};
		7F9979AA22CF21E900A71B9D /* Sources */ = {
			isa = PBXSourcesBuildPhase;
			buildActionMask = 2147483647;
			files = (
				7F9979B322CF21E900A71B9D /* Custom_TextfieldUITests.swift in Sources */,
			);
			runOnlyForDeploymentPostprocessing = 0;
		};
/* End PBXSourcesBuildPhase section */

/* Begin PBXTargetDependency section */
		7F9979A522CF21E900A71B9D /* PBXTargetDependency */ = {
			isa = PBXTargetDependency;
			target = 7F99798E22CF21E600A71B9D /* Custom Textfield */;
			targetProxy = 7F9979A422CF21E900A71B9D /* PBXContainerItemProxy */;
		};
		7F9979B022CF21E900A71B9D /* PBXTargetDependency */ = {
			isa = PBXTargetDependency;
			target = 7F99798E22CF21E600A71B9D /* Custom Textfield */;
			targetProxy = 7F9979AF22CF21E900A71B9D /* PBXContainerItemProxy */;
		};
/* End PBXTargetDependency section */

/* Begin PBXVariantGroup section */
		7F99799622CF21E600A71B9D /* Main.storyboard */ = {
			isa = PBXVariantGroup;
			children = (
				7F99799722CF21E600A71B9D /* Base */,
			);
			name = Main.storyboard;
			sourceTree = "<group>";
		};
		7F99799B22CF21E900A71B9D /* LaunchScreen.storyboard */ = {
			isa = PBXVariantGroup;
			children = (
				7F99799C22CF21E900A71B9D /* Base */,
			);
			name = LaunchScreen.storyboard;
			sourceTree = "<group>";
		};
/* End PBXVariantGroup section */

/* Begin XCBuildConfiguration section */
		7F9979B522CF21E900A71B9D /* Debug */ = {
			isa = XCBuildConfiguration;
			buildSettings = {
				ALWAYS_SEARCH_USER_PATHS = NO;
				CLANG_ANALYZER_NONNULL = YES;
				CLANG_ANALYZER_NUMBER_OBJECT_CONVERSION = YES_AGGRESSIVE;
				CLANG_CXX_LANGUAGE_STANDARD = "gnu++14";
				CLANG_CXX_LIBRARY = "libc++";
				CLANG_ENABLE_MODULES = YES;
				CLANG_ENABLE_OBJC_ARC = YES;
				CLANG_ENABLE_OBJC_WEAK = YES;
				CLANG_WARN_BLOCK_CAPTURE_AUTORELEASING = YES;
				CLANG_WARN_BOOL_CONVERSION = YES;
				CLANG_WARN_COMMA = YES;
				CLANG_WARN_CONSTANT_CONVERSION = YES;
				CLANG_WARN_DEPRECATED_OBJC_IMPLEMENTATIONS = YES;
				CLANG_WARN_DIRECT_OBJC_ISA_USAGE = YES_ERROR;
				CLANG_WARN_DOCUMENTATION_COMMENTS = YES;
				CLANG_WARN_EMPTY_BODY = YES;
				CLANG_WARN_ENUM_CONVERSION = YES;
				CLANG_WARN_INFINITE_RECURSION = YES;
				CLANG_WARN_INT_CONVERSION = YES;
				CLANG_WARN_NON_LITERAL_NULL_CONVERSION = YES;
				CLANG_WARN_OBJC_IMPLICIT_RETAIN_SELF = YES;
				CLANG_WARN_OBJC_LITERAL_CONVERSION = YES;
				CLANG_WARN_OBJC_ROOT_CLASS = YES_ERROR;
				CLANG_WARN_RANGE_LOOP_ANALYSIS = YES;
				CLANG_WARN_STRICT_PROTOTYPES = YES;
				CLANG_WARN_SUSPICIOUS_MOVE = YES;
				CLANG_WARN_UNGUARDED_AVAILABILITY = YES_AGGRESSIVE;
				CLANG_WARN_UNREACHABLE_CODE = YES;
				CLANG_WARN__DUPLICATE_METHOD_MATCH = YES;
				CODE_SIGN_IDENTITY = "iPhone Developer";
				COPY_PHASE_STRIP = NO;
				DEBUG_INFORMATION_FORMAT = dwarf;
				ENABLE_STRICT_OBJC_MSGSEND = YES;
				ENABLE_TESTABILITY = YES;
				GCC_C_LANGUAGE_STANDARD = gnu11;
				GCC_DYNAMIC_NO_PIC = NO;
				GCC_NO_COMMON_BLOCKS = YES;
				GCC_OPTIMIZATION_LEVEL = 0;
				GCC_PREPROCESSOR_DEFINITIONS = (
					"DEBUG=1",
					"$(inherited)",
				);
				GCC_WARN_64_TO_32_BIT_CONVERSION = YES;
				GCC_WARN_ABOUT_RETURN_TYPE = YES_ERROR;
				GCC_WARN_UNDECLARED_SELECTOR = YES;
				GCC_WARN_UNINITIALIZED_AUTOS = YES_AGGRESSIVE;
				GCC_WARN_UNUSED_FUNCTION = YES;
				GCC_WARN_UNUSED_VARIABLE = YES;
				IPHONEOS_DEPLOYMENT_TARGET = 12.2;
				MTL_ENABLE_DEBUG_INFO = INCLUDE_SOURCE;
				MTL_FAST_MATH = YES;
				ONLY_ACTIVE_ARCH = YES;
				SDKROOT = iphoneos;
				SWIFT_ACTIVE_COMPILATION_CONDITIONS = DEBUG;
				SWIFT_OPTIMIZATION_LEVEL = "-Onone";
			};
			name = Debug;
		};
		7F9979B622CF21E900A71B9D /* Release */ = {
			isa = XCBuildConfiguration;
			buildSettings = {
				ALWAYS_SEARCH_USER_PATHS = NO;
				CLANG_ANALYZER_NONNULL = YES;
				CLANG_ANALYZER_NUMBER_OBJECT_CONVERSION = YES_AGGRESSIVE;
				CLANG_CXX_LANGUAGE_STANDARD = "gnu++14";
				CLANG_CXX_LIBRARY = "libc++";
				CLANG_ENABLE_MODULES = YES;
				CLANG_ENABLE_OBJC_ARC = YES;
				CLANG_ENABLE_OBJC_WEAK = YES;
				CLANG_WARN_BLOCK_CAPTURE_AUTORELEASING = YES;
				CLANG_WARN_BOOL_CONVERSION = YES;
				CLANG_WARN_COMMA = YES;
				CLANG_WARN_CONSTANT_CONVERSION = YES;
				CLANG_WARN_DEPRECATED_OBJC_IMPLEMENTATIONS = YES;
				CLANG_WARN_DIRECT_OBJC_ISA_USAGE = YES_ERROR;
				CLANG_WARN_DOCUMENTATION_COMMENTS = YES;
				CLANG_WARN_EMPTY_BODY = YES;
				CLANG_WARN_ENUM_CONVERSION = YES;
				CLANG_WARN_INFINITE_RECURSION = YES;
				CLANG_WARN_INT_CONVERSION = YES;
				CLANG_WARN_NON_LITERAL_NULL_CONVERSION = YES;
				CLANG_WARN_OBJC_IMPLICIT_RETAIN_SELF = YES;
				CLANG_WARN_OBJC_LITERAL_CONVERSION = YES;
				CLANG_WARN_OBJC_ROOT_CLASS = YES_ERROR;
				CLANG_WARN_RANGE_LOOP_ANALYSIS = YES;
				CLANG_WARN_STRICT_PROTOTYPES = YES;
				CLANG_WARN_SUSPICIOUS_MOVE = YES;
				CLANG_WARN_UNGUARDED_AVAILABILITY = YES_AGGRESSIVE;
				CLANG_WARN_UNREACHABLE_CODE = YES;
				CLANG_WARN__DUPLICATE_METHOD_MATCH = YES;
				CODE_SIGN_IDENTITY = "iPhone Developer";
				COPY_PHASE_STRIP = NO;
				DEBUG_INFORMATION_FORMAT = "dwarf-with-dsym";
				ENABLE_NS_ASSERTIONS = NO;
				ENABLE_STRICT_OBJC_MSGSEND = YES;
				GCC_C_LANGUAGE_STANDARD = gnu11;
				GCC_NO_COMMON_BLOCKS = YES;
				GCC_WARN_64_TO_32_BIT_CONVERSION = YES;
				GCC_WARN_ABOUT_RETURN_TYPE = YES_ERROR;
				GCC_WARN_UNDECLARED_SELECTOR = YES;
				GCC_WARN_UNINITIALIZED_AUTOS = YES_AGGRESSIVE;
				GCC_WARN_UNUSED_FUNCTION = YES;
				GCC_WARN_UNUSED_VARIABLE = YES;
				IPHONEOS_DEPLOYMENT_TARGET = 12.2;
				MTL_ENABLE_DEBUG_INFO = NO;
				MTL_FAST_MATH = YES;
				SDKROOT = iphoneos;
				SWIFT_COMPILATION_MODE = wholemodule;
				SWIFT_OPTIMIZATION_LEVEL = "-O";
				VALIDATE_PRODUCT = YES;
			};
			name = Release;
		};
		7F9979B822CF21E900A71B9D /* Debug */ = {
			isa = XCBuildConfiguration;
			buildSettings = {
				ASSETCATALOG_COMPILER_APPICON_NAME = AppIcon;
				CODE_SIGN_STYLE = Automatic;
				DEVELOPMENT_TEAM = 5XVW6D6XEA;
				INFOPLIST_FILE = "Custom Textfield/Info.plist";
				LD_RUNPATH_SEARCH_PATHS = (
					"$(inherited)",
					"@executable_path/Frameworks",
				);
				PRODUCT_BUNDLE_IDENTIFIER = "com.folio3.Custom-Textfield";
				PRODUCT_NAME = "$(TARGET_NAME)";
				SWIFT_VERSION = 5.0;
				TARGETED_DEVICE_FAMILY = "1,2";
			};
			name = Debug;
		};
		7F9979B922CF21E900A71B9D /* Release */ = {
			isa = XCBuildConfiguration;
			buildSettings = {
				ASSETCATALOG_COMPILER_APPICON_NAME = AppIcon;
				CODE_SIGN_STYLE = Automatic;
				DEVELOPMENT_TEAM = 5XVW6D6XEA;
				INFOPLIST_FILE = "Custom Textfield/Info.plist";
				LD_RUNPATH_SEARCH_PATHS = (
					"$(inherited)",
					"@executable_path/Frameworks",
				);
				PRODUCT_BUNDLE_IDENTIFIER = "com.folio3.Custom-Textfield";
				PRODUCT_NAME = "$(TARGET_NAME)";
				SWIFT_VERSION = 5.0;
				TARGETED_DEVICE_FAMILY = "1,2";
			};
			name = Release;
		};
		7F9979BB22CF21E900A71B9D /* Debug */ = {
			isa = XCBuildConfiguration;
			buildSettings = {
				ALWAYS_EMBED_SWIFT_STANDARD_LIBRARIES = YES;
				BUNDLE_LOADER = "$(TEST_HOST)";
				CODE_SIGN_STYLE = Automatic;
				DEVELOPMENT_TEAM = 5XVW6D6XEA;
				INFOPLIST_FILE = "Custom TextfieldTests/Info.plist";
				LD_RUNPATH_SEARCH_PATHS = (
					"$(inherited)",
					"@executable_path/Frameworks",
					"@loader_path/Frameworks",
				);
				PRODUCT_BUNDLE_IDENTIFIER = "com.folio3.Custom-TextfieldTests";
				PRODUCT_NAME = "$(TARGET_NAME)";
				SWIFT_VERSION = 5.0;
				TARGETED_DEVICE_FAMILY = "1,2";
				TEST_HOST = "$(BUILT_PRODUCTS_DIR)/Custom Textfield.app/Custom Textfield";
			};
			name = Debug;
		};
		7F9979BC22CF21E900A71B9D /* Release */ = {
			isa = XCBuildConfiguration;
			buildSettings = {
				ALWAYS_EMBED_SWIFT_STANDARD_LIBRARIES = YES;
				BUNDLE_LOADER = "$(TEST_HOST)";
				CODE_SIGN_STYLE = Automatic;
				DEVELOPMENT_TEAM = 5XVW6D6XEA;
				INFOPLIST_FILE = "Custom TextfieldTests/Info.plist";
				LD_RUNPATH_SEARCH_PATHS = (
					"$(inherited)",
					"@executable_path/Frameworks",
					"@loader_path/Frameworks",
				);
				PRODUCT_BUNDLE_IDENTIFIER = "com.folio3.Custom-TextfieldTests";
				PRODUCT_NAME = "$(TARGET_NAME)";
				SWIFT_VERSION = 5.0;
				TARGETED_DEVICE_FAMILY = "1,2";
				TEST_HOST = "$(BUILT_PRODUCTS_DIR)/Custom Textfield.app/Custom Textfield";
			};
			name = Release;
		};
		7F9979BE22CF21E900A71B9D /* Debug */ = {
			isa = XCBuildConfiguration;
			buildSettings = {
				ALWAYS_EMBED_SWIFT_STANDARD_LIBRARIES = YES;
				CODE_SIGN_STYLE = Automatic;
				DEVELOPMENT_TEAM = 5XVW6D6XEA;
				INFOPLIST_FILE = "Custom TextfieldUITests/Info.plist";
				LD_RUNPATH_SEARCH_PATHS = (
					"$(inherited)",
					"@executable_path/Frameworks",
					"@loader_path/Frameworks",
				);
				PRODUCT_BUNDLE_IDENTIFIER = "com.folio3.Custom-TextfieldUITests";
				PRODUCT_NAME = "$(TARGET_NAME)";
				SWIFT_VERSION = 5.0;
				TARGETED_DEVICE_FAMILY = "1,2";
				TEST_TARGET_NAME = "Custom Textfield";
			};
			name = Debug;
		};
		7F9979BF22CF21E900A71B9D /* Release */ = {
			isa = XCBuildConfiguration;
			buildSettings = {
				ALWAYS_EMBED_SWIFT_STANDARD_LIBRARIES = YES;
				CODE_SIGN_STYLE = Automatic;
				DEVELOPMENT_TEAM = 5XVW6D6XEA;
				INFOPLIST_FILE = "Custom TextfieldUITests/Info.plist";
				LD_RUNPATH_SEARCH_PATHS = (
					"$(inherited)",
					"@executable_path/Frameworks",
					"@loader_path/Frameworks",
				);
				PRODUCT_BUNDLE_IDENTIFIER = "com.folio3.Custom-TextfieldUITests";
				PRODUCT_NAME = "$(TARGET_NAME)";
				SWIFT_VERSION = 5.0;
				TARGETED_DEVICE_FAMILY = "1,2";
				TEST_TARGET_NAME = "Custom Textfield";
			};
			name = Release;
		};
/* End XCBuildConfiguration section */

/* Begin XCConfigurationList section */
		7F99798A22CF21E600A71B9D /* Build configuration list for PBXProject "Custom Textfield" */ = {
			isa = XCConfigurationList;
			buildConfigurations = (
				7F9979B522CF21E900A71B9D /* Debug */,
				7F9979B622CF21E900A71B9D /* Release */,
			);
			defaultConfigurationIsVisible = 0;
			defaultConfigurationName = Release;
		};
		7F9979B722CF21E900A71B9D /* Build configuration list for PBXNativeTarget "Custom Textfield" */ = {
			isa = XCConfigurationList;
			buildConfigurations = (
				7F9979B822CF21E900A71B9D /* Debug */,
				7F9979B922CF21E900A71B9D /* Release */,
			);
			defaultConfigurationIsVisible = 0;
			defaultConfigurationName = Release;
		};
		7F9979BA22CF21E900A71B9D /* Build configuration list for PBXNativeTarget "Custom TextfieldTests" */ = {
			isa = XCConfigurationList;
			buildConfigurations = (
				7F9979BB22CF21E900A71B9D /* Debug */,
				7F9979BC22CF21E900A71B9D /* Release */,
			);
			defaultConfigurationIsVisible = 0;
			defaultConfigurationName = Release;
		};
		7F9979BD22CF21E900A71B9D /* Build configuration list for PBXNativeTarget "Custom TextfieldUITests" */ = {
			isa = XCConfigurationList;
			buildConfigurations = (
				7F9979BE22CF21E900A71B9D /* Debug */,
				7F9979BF22CF21E900A71B9D /* Release */,
			);
			defaultConfigurationIsVisible = 0;
			defaultConfigurationName = Release;
		};
/* End XCConfigurationList section */
	};
	rootObject = 7F99798722CF21E600A71B9D /* Project object */;
}
